// !$*UTF8*$!
{
	archiveVersion = 1;
	classes = {
	};
	objectVersion = 46;
	objects = {

/* Begin PBXBuildFile section */
		7C2A70DD1F416F3100B72FB6 /* QuartzCore.framework in Frameworks */ = {isa = PBXBuildFile; fileRef = 7C2A70DC1F416F3100B72FB6 /* QuartzCore.framework */; };
		7C490BB21F41EF2E000FAF59 /* Test.m in Sources */ = {isa = PBXBuildFile; fileRef = 7C490BB11F41EF2E000FAF59 /* Test.m */; };
		7CBA48741F3F1C9E00837401 /* TestView.m in Sources */ = {isa = PBXBuildFile; fileRef = 7CBA48731F3F1C9E00837401 /* TestView.m */; };
		7CC1D6B71F3F13E40057B5DA /* main.m in Sources */ = {isa = PBXBuildFile; fileRef = 7CC1D6B61F3F13E40057B5DA /* main.m */; };
		7CC1D6BA1F3F13E40057B5DA /* AppDelegate.m in Sources */ = {isa = PBXBuildFile; fileRef = 7CC1D6B91F3F13E40057B5DA /* AppDelegate.m */; };
		7CC1D6BD1F3F13E40057B5DA /* ViewController.m in Sources */ = {isa = PBXBuildFile; fileRef = 7CC1D6BC1F3F13E40057B5DA /* ViewController.m */; };
		7CC1D6C01F3F13E40057B5DA /* Main.storyboard in Resources */ = {isa = PBXBuildFile; fileRef = 7CC1D6BE1F3F13E40057B5DA /* Main.storyboard */; };
		7CC1D6C21F3F13E40057B5DA /* Assets.xcassets in Resources */ = {isa = PBXBuildFile; fileRef = 7CC1D6C11F3F13E40057B5DA /* Assets.xcassets */; };
		7CC1D6C51F3F13E40057B5DA /* LaunchScreen.storyboard in Resources */ = {isa = PBXBuildFile; fileRef = 7CC1D6C31F3F13E40057B5DA /* LaunchScreen.storyboard */; };
		7CC1D6D01F3F13E40057B5DA /* UIKitTests.m in Sources */ = {isa = PBXBuildFile; fileRef = 7CC1D6CF1F3F13E40057B5DA /* UIKitTests.m */; };
		7CC1D6DB1F3F13E40057B5DA /* UIKitUITests.m in Sources */ = {isa = PBXBuildFile; fileRef = 7CC1D6DA1F3F13E40057B5DA /* UIKitUITests.m */; };
		7CC1D6EA1F3F140D0057B5DA /* UIView+UIView_UIBzierPath.m in Sources */ = {isa = PBXBuildFile; fileRef = 7CC1D6E91F3F140D0057B5DA /* UIView+UIView_UIBzierPath.m */; };
/* End PBXBuildFile section */

/* Begin PBXContainerItemProxy section */
		7CC1D6CC1F3F13E40057B5DA /* PBXContainerItemProxy */ = {
			isa = PBXContainerItemProxy;
			containerPortal = 7CC1D6AA1F3F13E40057B5DA /* Project object */;
			proxyType = 1;
			remoteGlobalIDString = 7CC1D6B11F3F13E40057B5DA;
			remoteInfo = UIKit;
		};
		7CC1D6D71F3F13E40057B5DA /* PBXContainerItemProxy */ = {
			isa = PBXContainerItemProxy;
			containerPortal = 7CC1D6AA1F3F13E40057B5DA /* Project object */;
			proxyType = 1;
			remoteGlobalIDString = 7CC1D6B11F3F13E40057B5DA;
			remoteInfo = UIKit;
		};
/* End PBXContainerItemProxy section */

/* Begin PBXFileReference section */
		7C2A70DC1F416F3100B72FB6 /* QuartzCore.framework */ = {isa = PBXFileReference; lastKnownFileType = wrapper.framework; name = QuartzCore.framework; path = System/Library/Frameworks/QuartzCore.framework; sourceTree = SDKROOT; };
		7C490BB01F41EF2E000FAF59 /* Test.h */ = {isa = PBXFileReference; fileEncoding = 4; lastKnownFileType = sourcecode.c.h; path = Test.h; sourceTree = "<group>"; };
		7C490BB11F41EF2E000FAF59 /* Test.m */ = {isa = PBXFileReference; fileEncoding = 4; lastKnownFileType = sourcecode.c.objc; path = Test.m; sourceTree = "<group>"; };
		7CBA48721F3F1C9E00837401 /* TestView.h */ = {isa = PBXFileReference; fileEncoding = 4; lastKnownFileType = sourcecode.c.h; path = TestView.h; sourceTree = "<group>"; };
		7CBA48731F3F1C9E00837401 /* TestView.m */ = {isa = PBXFileReference; fileEncoding = 4; lastKnownFileType = sourcecode.c.objc; path = TestView.m; sourceTree = "<group>"; };
		7CC1D6B21F3F13E40057B5DA /* UIKit.app */ = {isa = PBXFileReference; explicitFileType = wrapper.application; includeInIndex = 0; path = UIKit.app; sourceTree = BUILT_PRODUCTS_DIR; };
		7CC1D6B61F3F13E40057B5DA /* main.m */ = {isa = PBXFileReference; lastKnownFileType = sourcecode.c.objc; path = main.m; sourceTree = "<group>"; };
		7CC1D6B81F3F13E40057B5DA /* AppDelegate.h */ = {isa = PBXFileReference; lastKnownFileType = sourcecode.c.h; path = AppDelegate.h; sourceTree = "<group>"; };
		7CC1D6B91F3F13E40057B5DA /* AppDelegate.m */ = {isa = PBXFileReference; lastKnownFileType = sourcecode.c.objc; path = AppDelegate.m; sourceTree = "<group>"; };
		7CC1D6BB1F3F13E40057B5DA /* ViewController.h */ = {isa = PBXFileReference; lastKnownFileType = sourcecode.c.h; path = ViewController.h; sourceTree = "<group>"; };
		7CC1D6BC1F3F13E40057B5DA /* ViewController.m */ = {isa = PBXFileReference; lastKnownFileType = sourcecode.c.objc; path = ViewController.m; sourceTree = "<group>"; };
		7CC1D6BF1F3F13E40057B5DA /* Base */ = {isa = PBXFileReference; lastKnownFileType = file.storyboard; name = Base; path = Base.lproj/Main.storyboard; sourceTree = "<group>"; };
		7CC1D6C11F3F13E40057B5DA /* Assets.xcassets */ = {isa = PBXFileReference; lastKnownFileType = folder.assetcatalog; path = Assets.xcassets; sourceTree = "<group>"; };
		7CC1D6C41F3F13E40057B5DA /* Base */ = {isa = PBXFileReference; lastKnownFileType = file.storyboard; name = Base; path = Base.lproj/LaunchScreen.storyboard; sourceTree = "<group>"; };
		7CC1D6C61F3F13E40057B5DA /* Info.plist */ = {isa = PBXFileReference; lastKnownFileType = text.plist.xml; path = Info.plist; sourceTree = "<group>"; };
		7CC1D6CB1F3F13E40057B5DA /* UIKitTests.xctest */ = {isa = PBXFileReference; explicitFileType = wrapper.cfbundle; includeInIndex = 0; path = UIKitTests.xctest; sourceTree = BUILT_PRODUCTS_DIR; };
		7CC1D6CF1F3F13E40057B5DA /* UIKitTests.m */ = {isa = PBXFileReference; lastKnownFileType = sourcecode.c.objc; path = UIKitTests.m; sourceTree = "<group>"; };
		7CC1D6D11F3F13E40057B5DA /* Info.plist */ = {isa = PBXFileReference; lastKnownFileType = text.plist.xml; path = Info.plist; sourceTree = "<group>"; };
		7CC1D6D61F3F13E40057B5DA /* UIKitUITests.xctest */ = {isa = PBXFileReference; explicitFileType = wrapper.cfbundle; includeInIndex = 0; path = UIKitUITests.xctest; sourceTree = BUILT_PRODUCTS_DIR; };
		7CC1D6DA1F3F13E40057B5DA /* UIKitUITests.m */ = {isa = PBXFileReference; lastKnownFileType = sourcecode.c.objc; path = UIKitUITests.m; sourceTree = "<group>"; };
		7CC1D6DC1F3F13E40057B5DA /* Info.plist */ = {isa = PBXFileReference; lastKnownFileType = text.plist.xml; path = Info.plist; sourceTree = "<group>"; };
		7CC1D6E81F3F140D0057B5DA /* UIView+UIView_UIBzierPath.h */ = {isa = PBXFileReference; fileEncoding = 4; lastKnownFileType = sourcecode.c.h; path = "UIView+UIView_UIBzierPath.h"; sourceTree = "<group>"; };
		7CC1D6E91F3F140D0057B5DA /* UIView+UIView_UIBzierPath.m */ = {isa = PBXFileReference; fileEncoding = 4; lastKnownFileType = sourcecode.c.objc; path = "UIView+UIView_UIBzierPath.m"; sourceTree = "<group>"; };
/* End PBXFileReference section */

/* Begin PBXFrameworksBuildPhase section */
		7CC1D6AF1F3F13E40057B5DA /* Frameworks */ = {
			isa = PBXFrameworksBuildPhase;
			buildActionMask = 2147483647;
			files = (
				7C2A70DD1F416F3100B72FB6 /* QuartzCore.framework in Frameworks */,
			);
			runOnlyForDeploymentPostprocessing = 0;
		};
		7CC1D6C81F3F13E40057B5DA /* Frameworks */ = {
			isa = PBXFrameworksBuildPhase;
			buildActionMask = 2147483647;
			files = (
			);
			runOnlyForDeploymentPostprocessing = 0;
		};
		7CC1D6D31F3F13E40057B5DA /* Frameworks */ = {
			isa = PBXFrameworksBuildPhase;
			buildActionMask = 2147483647;
			files = (
			);
			runOnlyForDeploymentPostprocessing = 0;
		};
/* End PBXFrameworksBuildPhase section */

/* Begin PBXGroup section */
		7C2A70DB1F416F3100B72FB6 /* Frameworks */ = {
			isa = PBXGroup;
			children = (
				7C2A70DC1F416F3100B72FB6 /* QuartzCore.framework */,
			);
			name = Frameworks;
			sourceTree = "<group>";
		};
		7CC1D6A91F3F13E40057B5DA = {
			isa = PBXGroup;
			children = (
				7CC1D6B41F3F13E40057B5DA /* UIKit */,
				7CC1D6CE1F3F13E40057B5DA /* UIKitTests */,
				7CC1D6D91F3F13E40057B5DA /* UIKitUITests */,
				7CC1D6B31F3F13E40057B5DA /* Products */,
				7C2A70DB1F416F3100B72FB6 /* Frameworks */,
			);
			sourceTree = "<group>";
		};
		7CC1D6B31F3F13E40057B5DA /* Products */ = {
			isa = PBXGroup;
			children = (
				7CC1D6B21F3F13E40057B5DA /* UIKit.app */,
				7CC1D6CB1F3F13E40057B5DA /* UIKitTests.xctest */,
				7CC1D6D61F3F13E40057B5DA /* UIKitUITests.xctest */,
			);
			name = Products;
			sourceTree = "<group>";
		};
		7CC1D6B41F3F13E40057B5DA /* UIKit */ = {
			isa = PBXGroup;
			children = (
				7CC1D6B81F3F13E40057B5DA /* AppDelegate.h */,
				7CC1D6B91F3F13E40057B5DA /* AppDelegate.m */,
				7CC1D6BB1F3F13E40057B5DA /* ViewController.h */,
				7CC1D6BC1F3F13E40057B5DA /* ViewController.m */,
				7CC1D6BE1F3F13E40057B5DA /* Main.storyboard */,
				7CC1D6C11F3F13E40057B5DA /* Assets.xcassets */,
				7CC1D6C31F3F13E40057B5DA /* LaunchScreen.storyboard */,
				7CC1D6C61F3F13E40057B5DA /* Info.plist */,
				7CC1D6B51F3F13E40057B5DA /* Supporting Files */,
				7CC1D6E81F3F140D0057B5DA /* UIView+UIView_UIBzierPath.h */,
				7CC1D6E91F3F140D0057B5DA /* UIView+UIView_UIBzierPath.m */,
				7CBA48721F3F1C9E00837401 /* TestView.h */,
				7CBA48731F3F1C9E00837401 /* TestView.m */,
				7C490BB01F41EF2E000FAF59 /* Test.h */,
				7C490BB11F41EF2E000FAF59 /* Test.m */,
			);
			path = UIKit;
			sourceTree = "<group>";
		};
		7CC1D6B51F3F13E40057B5DA /* Supporting Files */ = {
			isa = PBXGroup;
			children = (
				7CC1D6B61F3F13E40057B5DA /* main.m */,
			);
			name = "Supporting Files";
			sourceTree = "<group>";
		};
		7CC1D6CE1F3F13E40057B5DA /* UIKitTests */ = {
			isa = PBXGroup;
			children = (
				7CC1D6CF1F3F13E40057B5DA /* UIKitTests.m */,
				7CC1D6D11F3F13E40057B5DA /* Info.plist */,
			);
			path = UIKitTests;
			sourceTree = "<group>";
		};
		7CC1D6D91F3F13E40057B5DA /* UIKitUITests */ = {
			isa = PBXGroup;
			children = (
				7CC1D6DA1F3F13E40057B5DA /* UIKitUITests.m */,
				7CC1D6DC1F3F13E40057B5DA /* Info.plist */,
			);
			path = UIKitUITests;
			sourceTree = "<group>";
		};
/* End PBXGroup section */

/* Begin PBXNativeTarget section */
		7CC1D6B11F3F13E40057B5DA /* UIKit */ = {
			isa = PBXNativeTarget;
			buildConfigurationList = 7CC1D6DF1F3F13E40057B5DA /* Build configuration list for PBXNativeTarget "UIKit" */;
			buildPhases = (
				7CC1D6AE1F3F13E40057B5DA /* Sources */,
				7CC1D6AF1F3F13E40057B5DA /* Frameworks */,
				7CC1D6B01F3F13E40057B5DA /* Resources */,
			);
			buildRules = (
			);
			dependencies = (
			);
			name = UIKit;
			productName = UIKit;
			productReference = 7CC1D6B21F3F13E40057B5DA /* UIKit.app */;
			productType = "com.apple.product-type.application";
		};
		7CC1D6CA1F3F13E40057B5DA /* UIKitTests */ = {
			isa = PBXNativeTarget;
			buildConfigurationList = 7CC1D6E21F3F13E40057B5DA /* Build configuration list for PBXNativeTarget "UIKitTests" */;
			buildPhases = (
				7CC1D6C71F3F13E40057B5DA /* Sources */,
				7CC1D6C81F3F13E40057B5DA /* Frameworks */,
				7CC1D6C91F3F13E40057B5DA /* Resources */,
			);
			buildRules = (
			);
			dependencies = (
				7CC1D6CD1F3F13E40057B5DA /* PBXTargetDependency */,
			);
			name = UIKitTests;
			productName = UIKitTests;
			productReference = 7CC1D6CB1F3F13E40057B5DA /* UIKitTests.xctest */;
			productType = "com.apple.product-type.bundle.unit-test";
		};
		7CC1D6D51F3F13E40057B5DA /* UIKitUITests */ = {
			isa = PBXNativeTarget;
			buildConfigurationList = 7CC1D6E51F3F13E40057B5DA /* Build configuration list for PBXNativeTarget "UIKitUITests" */;
			buildPhases = (
				7CC1D6D21F3F13E40057B5DA /* Sources */,
				7CC1D6D31F3F13E40057B5DA /* Frameworks */,
				7CC1D6D41F3F13E40057B5DA /* Resources */,
			);
			buildRules = (
			);
			dependencies = (
				7CC1D6D81F3F13E40057B5DA /* PBXTargetDependency */,
			);
			name = UIKitUITests;
			productName = UIKitUITests;
			productReference = 7CC1D6D61F3F13E40057B5DA /* UIKitUITests.xctest */;
			productType = "com.apple.product-type.bundle.ui-testing";
		};
/* End PBXNativeTarget section */

/* Begin PBXProject section */
		7CC1D6AA1F3F13E40057B5DA /* Project object */ = {
			isa = PBXProject;
			attributes = {
				LastUpgradeCheck = 0800;
				ORGANIZATIONNAME = rooten;
				TargetAttributes = {
					7CC1D6B11F3F13E40057B5DA = {
						CreatedOnToolsVersion = 8.0;
						DevelopmentTeam = AC38JVAR6N;
						ProvisioningStyle = Automatic;
					};
					7CC1D6CA1F3F13E40057B5DA = {
						CreatedOnToolsVersion = 8.0;
						DevelopmentTeam = AC38JVAR6N;
						ProvisioningStyle = Automatic;
						TestTargetID = 7CC1D6B11F3F13E40057B5DA;
					};
					7CC1D6D51F3F13E40057B5DA = {
						CreatedOnToolsVersion = 8.0;
						DevelopmentTeam = AC38JVAR6N;
						ProvisioningStyle = Automatic;
						TestTargetID = 7CC1D6B11F3F13E40057B5DA;
					};
				};
			};
			buildConfigurationList = 7CC1D6AD1F3F13E40057B5DA /* Build configuration list for PBXProject "UIKit" */;
			compatibilityVersion = "Xcode 3.2";
			developmentRegion = English;
			hasScannedForEncodings = 0;
			knownRegions = (
				en,
				Base,
			);
			mainGroup = 7CC1D6A91F3F13E40057B5DA;
			productRefGroup = 7CC1D6B31F3F13E40057B5DA /* Products */;
			projectDirPath = "";
			projectRoot = "";
			targets = (
				7CC1D6B11F3F13E40057B5DA /* UIKit */,
				7CC1D6CA1F3F13E40057B5DA /* UIKitTests */,
				7CC1D6D51F3F13E40057B5DA /* UIKitUITests */,
			);
		};
/* End PBXProject section */

/* Begin PBXResourcesBuildPhase section */
		7CC1D6B01F3F13E40057B5DA /* Resources */ = {
			isa = PBXResourcesBuildPhase;
			buildActionMask = 2147483647;
			files = (
				7CC1D6C51F3F13E40057B5DA /* LaunchScreen.storyboard in Resources */,
				7CC1D6C21F3F13E40057B5DA /* Assets.xcassets in Resources */,
				7CC1D6C01F3F13E40057B5DA /* Main.storyboard in Resources */,
			);
			runOnlyForDeploymentPostprocessing = 0;
		};
		7CC1D6C91F3F13E40057B5DA /* Resources */ = {
			isa = PBXResourcesBuildPhase;
			buildActionMask = 2147483647;
			files = (
			);
			runOnlyForDeploymentPostprocessing = 0;
		};
		7CC1D6D41F3F13E40057B5DA /* Resources */ = {
			isa = PBXResourcesBuildPhase;
			buildActionMask = 2147483647;
			files = (
			);
			runOnlyForDeploymentPostprocessing = 0;
		};
/* End PBXResourcesBuildPhase section */

/* Begin PBXSourcesBuildPhase section */
		7CC1D6AE1F3F13E40057B5DA /* Sources */ = {
			isa = PBXSourcesBuildPhase;
			buildActionMask = 2147483647;
			files = (
				7CC1D6BD1F3F13E40057B5DA /* ViewController.m in Sources */,
				7CC1D6EA1F3F140D0057B5DA /* UIView+UIView_UIBzierPath.m in Sources */,
				7CBA48741F3F1C9E00837401 /* TestView.m in Sources */,
				7C490BB21F41EF2E000FAF59 /* Test.m in Sources */,
				7CC1D6BA1F3F13E40057B5DA /* AppDelegate.m in Sources */,
				7CC1D6B71F3F13E40057B5DA /* main.m in Sources */,
			);
			runOnlyForDeploymentPostprocessing = 0;
		};
		7CC1D6C71F3F13E40057B5DA /* Sources */ = {
			isa = PBXSourcesBuildPhase;
			buildActionMask = 2147483647;
			files = (
				7CC1D6D01F3F13E40057B5DA /* UIKitTests.m in Sources */,
			);
			runOnlyForDeploymentPostprocessing = 0;
		};
		7CC1D6D21F3F13E40057B5DA /* Sources */ = {
			isa = PBXSourcesBuildPhase;
			buildActionMask = 2147483647;
			files = (
				7CC1D6DB1F3F13E40057B5DA /* UIKitUITests.m in Sources */,
			);
			runOnlyForDeploymentPostprocessing = 0;
		};
/* End PBXSourcesBuildPhase section */

/* Begin PBXTargetDependency section */
		7CC1D6CD1F3F13E40057B5DA /* PBXTargetDependency */ = {
			isa = PBXTargetDependency;
			target = 7CC1D6B11F3F13E40057B5DA /* UIKit */;
			targetProxy = 7CC1D6CC1F3F13E40057B5DA /* PBXContainerItemProxy */;
		};
		7CC1D6D81F3F13E40057B5DA /* PBXTargetDependency */ = {
			isa = PBXTargetDependency;
			target = 7CC1D6B11F3F13E40057B5DA /* UIKit */;
			targetProxy = 7CC1D6D71F3F13E40057B5DA /* PBXContainerItemProxy */;
		};
/* End PBXTargetDependency section */

/* Begin PBXVariantGroup section */
		7CC1D6BE1F3F13E40057B5DA /* Main.storyboard */ = {
			isa = PBXVariantGroup;
			children = (
				7CC1D6BF1F3F13E40057B5DA /* Base */,
			);
			name = Main.storyboard;
			sourceTree = "<group>";
		};
		7CC1D6C31F3F13E40057B5DA /* LaunchScreen.storyboard */ = {
			isa = PBXVariantGroup;
			children = (
				7CC1D6C41F3F13E40057B5DA /* Base */,
			);
			name = LaunchScreen.storyboard;
			sourceTree = "<group>";
		};
/* End PBXVariantGroup section */

/* Begin XCBuildConfiguration section */
		7CC1D6DD1F3F13E40057B5DA /* Debug */ = {
			isa = XCBuildConfiguration;
			buildSettings = {
				ALWAYS_SEARCH_USER_PATHS = NO;
				CLANG_ANALYZER_NONNULL = YES;
				CLANG_CXX_LANGUAGE_STANDARD = "gnu++0x";
				CLANG_CXX_LIBRARY = "libc++";
				CLANG_ENABLE_MODULES = YES;
				CLANG_ENABLE_OBJC_ARC = YES;
				CLANG_WARN_BOOL_CONVERSION = YES;
				CLANG_WARN_CONSTANT_CONVERSION = YES;
				CLANG_WARN_DIRECT_OBJC_ISA_USAGE = YES_ERROR;
				CLANG_WARN_DOCUMENTATION_COMMENTS = YES;
				CLANG_WARN_EMPTY_BODY = YES;
				CLANG_WARN_ENUM_CONVERSION = YES;
				CLANG_WARN_INFINITE_RECURSION = YES;
				CLANG_WARN_INT_CONVERSION = YES;
				CLANG_WARN_OBJC_ROOT_CLASS = YES_ERROR;
				CLANG_WARN_SUSPICIOUS_MOVES = YES;
				CLANG_WARN_UNREACHABLE_CODE = YES;
				CLANG_WARN__DUPLICATE_METHOD_MATCH = YES;
				"CODE_SIGN_IDENTITY[sdk=iphoneos*]" = "iPhone Developer";
				COPY_PHASE_STRIP = NO;
				DEBUG_INFORMATION_FORMAT = dwarf;
				ENABLE_STRICT_OBJC_MSGSEND = YES;
				ENABLE_TESTABILITY = YES;
				GCC_C_LANGUAGE_STANDARD = gnu99;
				GCC_DYNAMIC_NO_PIC = NO;
				GCC_NO_COMMON_BLOCKS = YES;
				GCC_OPTIMIZATION_LEVEL = 0;
				GCC_PREPROCESSOR_DEFINITIONS = (
					"DEBUG=1",
					"$(inherited)",
				);
				GCC_WARN_64_TO_32_BIT_CONVERSION = YES;
				GCC_WARN_ABOUT_RETURN_TYPE = YES_ERROR;
				GCC_WARN_UNDECLARED_SELECTOR = YES;
				GCC_WARN_UNINITIALIZED_AUTOS = YES_AGGRESSIVE;
				GCC_WARN_UNUSED_FUNCTION = YES;
				GCC_WARN_UNUSED_VARIABLE = YES;
				IPHONEOS_DEPLOYMENT_TARGET = 10.0;
				MTL_ENABLE_DEBUG_INFO = YES;
				ONLY_ACTIVE_ARCH = YES;
				SDKROOT = iphoneos;
				TARGETED_DEVICE_FAMILY = "1,2";
			};
			name = Debug;
		};
		7CC1D6DE1F3F13E40057B5DA /* Release */ = {
			isa = XCBuildConfiguration;
			buildSettings = {
				ALWAYS_SEARCH_USER_PATHS = NO;
				CLANG_ANALYZER_NONNULL = YES;
				CLANG_CXX_LANGUAGE_STANDARD = "gnu++0x";
				CLANG_CXX_LIBRARY = "libc++";
				CLANG_ENABLE_MODULES = YES;
				CLANG_ENABLE_OBJC_ARC = YES;
				CLANG_WARN_BOOL_CONVERSION = YES;
				CLANG_WARN_CONSTANT_CONVERSION = YES;
				CLANG_WARN_DIRECT_OBJC_ISA_USAGE = YES_ERROR;
				CLANG_WARN_DOCUMENTATION_COMMENTS = YES;
				CLANG_WARN_EMPTY_BODY = YES;
				CLANG_WARN_ENUM_CONVERSION = YES;
				CLANG_WARN_INFINITE_RECURSION = YES;
				CLANG_WARN_INT_CONVERSION = YES;
				CLANG_WARN_OBJC_ROOT_CLASS = YES_ERROR;
				CLANG_WARN_SUSPICIOUS_MOVES = YES;
				CLANG_WARN_UNREACHABLE_CODE = YES;
				CLANG_WARN__DUPLICATE_METHOD_MATCH = YES;
				"CODE_SIGN_IDENTITY[sdk=iphoneos*]" = "iPhone Developer";
				COPY_PHASE_STRIP = NO;
				DEBUG_INFORMATION_FORMAT = "dwarf-with-dsym";
				ENABLE_NS_ASSERTIONS = NO;
				ENABLE_STRICT_OBJC_MSGSEND = YES;
				GCC_C_LANGUAGE_STANDARD = gnu99;
				GCC_NO_COMMON_BLOCKS = YES;
				GCC_WARN_64_TO_32_BIT_CONVERSION = YES;
				GCC_WARN_ABOUT_RETURN_TYPE = YES_ERROR;
				GCC_WARN_UNDECLARED_SELECTOR = YES;
				GCC_WARN_UNINITIALIZED_AUTOS = YES_AGGRESSIVE;
				GCC_WARN_UNUSED_FUNCTION = YES;
				GCC_WARN_UNUSED_VARIABLE = YES;
				IPHONEOS_DEPLOYMENT_TARGET = 10.0;
				MTL_ENABLE_DEBUG_INFO = NO;
				SDKROOT = iphoneos;
				TARGETED_DEVICE_FAMILY = "1,2";
				VALIDATE_PRODUCT = YES;
			};
			name = Release;
		};
		7CC1D6E01F3F13E40057B5DA /* Debug */ = {
			isa = XCBuildConfiguration;
			buildSettings = {
				ASSETCATALOG_COMPILER_APPICON_NAME = AppIcon;
				DEVELOPMENT_TEAM = AC38JVAR6N;
				INFOPLIST_FILE = UIKit/Info.plist;
				LD_RUNPATH_SEARCH_PATHS = "$(inherited) @executable_path/Frameworks";
				PRODUCT_BUNDLE_IDENTIFIER = cn.com.rooten.UIKit;
				PRODUCT_NAME = "$(TARGET_NAME)";
			};
			name = Debug;
		};
		7CC1D6E11F3F13E40057B5DA /* Release */ = {
			isa = XCBuildConfiguration;
			buildSettings = {
				ASSETCATALOG_COMPILER_APPICON_NAME = AppIcon;
				DEVELOPMENT_TEAM = AC38JVAR6N;
				INFOPLIST_FILE = UIKit/Info.plist;
				LD_RUNPATH_SEARCH_PATHS = "$(inherited) @executable_path/Frameworks";
				PRODUCT_BUNDLE_IDENTIFIER = cn.com.rooten.UIKit;
				PRODUCT_NAME = "$(TARGET_NAME)";
			};
			name = Release;
		};
		7CC1D6E31F3F13E40057B5DA /* Debug */ = {
			isa = XCBuildConfiguration;
			buildSettings = {
				BUNDLE_LOADER = "$(TEST_HOST)";
				DEVELOPMENT_TEAM = AC38JVAR6N;
				INFOPLIST_FILE = UIKitTests/Info.plist;
				LD_RUNPATH_SEARCH_PATHS = "$(inherited) @executable_path/Frameworks @loader_path/Frameworks";
				PRODUCT_BUNDLE_IDENTIFIER = cn.com.rooten.UIKitTests;
				PRODUCT_NAME = "$(TARGET_NAME)";
				TEST_HOST = "$(BUILT_PRODUCTS_DIR)/UIKit.app/UIKit";
			};
			name = Debug;
		};
		7CC1D6E41F3F13E40057B5DA /* Release */ = {
			isa = XCBuildConfiguration;
			buildSettings = {
				BUNDLE_LOADER = "$(TEST_HOST)";
				DEVELOPMENT_TEAM = AC38JVAR6N;
				INFOPLIST_FILE = UIKitTests/Info.plist;
				LD_RUNPATH_SEARCH_PATHS = "$(inherited) @executable_path/Frameworks @loader_path/Frameworks";
				PRODUCT_BUNDLE_IDENTIFIER = cn.com.rooten.UIKitTests;
				PRODUCT_NAME = "$(TARGET_NAME)";
				TEST_HOST = "$(BUILT_PRODUCTS_DIR)/UIKit.app/UIKit";
			};
			name = Release;
		};
		7CC1D6E61F3F13E40057B5DA /* Debug */ = {
			isa = XCBuildConfiguration;
			buildSettings = {
				DEVELOPMENT_TEAM = AC38JVAR6N;
				INFOPLIST_FILE = UIKitUITests/Info.plist;
				LD_RUNPATH_SEARCH_PATHS = "$(inherited) @executable_path/Frameworks @loader_path/Frameworks";
				PRODUCT_BUNDLE_IDENTIFIER = cn.com.rooten.UIKitUITests;
				PRODUCT_NAME = "$(TARGET_NAME)";
				TEST_TARGET_NAME = UIKit;
			};
			name = Debug;
		};
		7CC1D6E71F3F13E40057B5DA /* Release */ = {
			isa = XCBuildConfiguration;
			buildSettings = {
				DEVELOPMENT_TEAM = AC38JVAR6N;
				INFOPLIST_FILE = UIKitUITests/Info.plist;
				LD_RUNPATH_SEARCH_PATHS = "$(inherited) @executable_path/Frameworks @loader_path/Frameworks";
				PRODUCT_BUNDLE_IDENTIFIER = cn.com.rooten.UIKitUITests;
				PRODUCT_NAME = "$(TARGET_NAME)";
				TEST_TARGET_NAME = UIKit;
			};
			name = Release;
		};
/* End XCBuildConfiguration section */

/* Begin XCConfigurationList section */
		7CC1D6AD1F3F13E40057B5DA /* Build configuration list for PBXProject "UIKit" */ = {
			isa = XCConfigurationList;
			buildConfigurations = (
				7CC1D6DD1F3F13E40057B5DA /* Debug */,
				7CC1D6DE1F3F13E40057B5DA /* Release */,
			);
			defaultConfigurationIsVisible = 0;
			defaultConfigurationName = Release;
		};
		7CC1D6DF1F3F13E40057B5DA /* Build configuration list for PBXNativeTarget "UIKit" */ = {
			isa = XCConfigurationList;
			buildConfigurations = (
				7CC1D6E01F3F13E40057B5DA /* Debug */,
				7CC1D6E11F3F13E40057B5DA /* Release */,
			);
			defaultConfigurationIsVisible = 0;
			defaultConfigurationName = Release;
		};
		7CC1D6E21F3F13E40057B5DA /* Build configuration list for PBXNativeTarget "UIKitTests" */ = {
			isa = XCConfigurationList;
			buildConfigurations = (
				7CC1D6E31F3F13E40057B5DA /* Debug */,
				7CC1D6E41F3F13E40057B5DA /* Release */,
			);
			defaultConfigurationIsVisible = 0;
			defaultConfigurationName = Release;
		};
		7CC1D6E51F3F13E40057B5DA /* Build configuration list for PBXNativeTarget "UIKitUITests" */ = {
			isa = XCConfigurationList;
			buildConfigurations = (
				7CC1D6E61F3F13E40057B5DA /* Debug */,
				7CC1D6E71F3F13E40057B5DA /* Release */,
			);
			defaultConfigurationIsVisible = 0;
			defaultConfigurationName = Release;
		};
/* End XCConfigurationList section */
	};
	rootObject = 7CC1D6AA1F3F13E40057B5DA /* Project object */;
}
